github.com/dimonrus/gohelp v0.4.0 h1:4EPgmMGuGfddFP0YK/D67B1RH362aHBOHCmj7r1PTSU=
github.com/dimonrus/gohelp v0.4.0/go.mod h1:+dOOHmnzKauApxlx1kn/sHAYds3gPvMvXLpeLtBq82E=
github.com/dimonrus/porterr v1.8.0 h1:CNC0EV4w/9EZi1oVRnAc4mJQu3ZSViRLlvUx3KoXkwc=
github.com/dimonrus/porterr v1.8.0/go.mod h1:BCVpaUyYdawPPzeAa8yjCYvemctND1I9ER/nFnOyDgQ=
github.com/lib/pq v1.9.0 h1:L8nSXQQzAYByakOFMTwpjRoHsMJklur4Gi59b6VivR8=
github.com/lib/pq v1.9.0/go.mod h1:AlVN5x4E4T544tWzH6hKfbfQvm3HdbOxrmggDNAPY9o=
