github.com/dimonrus/gohelp v0.3.0 h1:G+BMO4hlzr+wdfVBnVbknXfgcDkz75AZGpbfbeS6Q34=
github.com/dimonrus/gohelp v0.3.0/go.mod h1:+dOOHmnzKauApxlx1kn/sHAYds3gPvMvXLpeLtBq82E=
github.com/dimonrus/porterr v1.7.0 h1:3BUcnauukI1aKRIRR73MmL7hIE1TkmsJmWarvKJBaU4=
github.com/dimonrus/porterr v1.7.0/go.mod h1:BCVpaUyYdawPPzeAa8yjCYvemctND1I9ER/nFnOyDgQ=
github.com/lib/pq v1.3.0 h1:/qkRGz8zljWiDcFvgpwUpwIAPu3r07TDvs3Rws+o/pU=
github.com/lib/pq v1.3.0/go.mod h1:5WUZQaWbwv1U+lTReE5YruASi9Al49XbQIvNi/34Woo=
